github.com/apex/log v1.1.0 h1:J5rld6WVFi6NxA6m8GJ1LJqu3+GiTFIt3mYv27gdQWI=
github.com/apex/log v1.1.0/go.mod h1:yA770aXIDQrhVOIGurT/pVdfCpSq1GQV/auzMN5fzvY=
github.com/aws/aws-sdk-go v1.19.9 h1:pXtXkDHkabI2RVj7CM1HWMNfU6Gq5KMEmhbUBQZl94A=
github.com/aws/aws-sdk-go v1.19.9/go.mod h1:KmX6BPdI08NWTb3/sm4ZGu5ShLoqVDhKgpiN924inxo=
github.com/edoardo849/apex-aws-signer v0.0.0-20160911082727-68e110f4cc8c h1:xTdiYR0ahSBfW/mqoc2bIHm60Z1xB2NTtxSk/Fu6G74=
github.com/edoardo849/apex-aws-signer v0.0.0-20160911082727-68e110f4cc8c/go.mod h1:a8BOajwGKg7PtVX05sZqpGfO+PeZcCd3GTe7FhVraEY=
github.com/jmespath/go-jmespath v0.0.0-20180206201540-c2b33e8439af h1:pmfjZENx5imkbgOkpRUYLnmbU7UEFbjtDA2hxJ1ichM=
github.com/jmespath/go-jmespath v0.0.0-20180206201540-c2b33e8439af/go.mod h1:Nht3zPeWKUH0NzdCt2Blrr5ys8VGpn0CEB0cQHVjt7k=
github.com/mailru/easyjson v0.0.0-20190403194419-1ea4449da983 h1:wL11wNW7dhKIcRCHSm4sHKPWz0tt4mwBsVodG7+Xyqg=
github.com/mailru/easyjson v0.0.0-20190403194419-1ea4449da983/go.mod h1:C1wdFJiN94OJF2b5HbByQZoLdCWB1Yqtg26g4irojpc=
github.com/olivere/elastic v6.2.17+incompatible h1:g8tdYJgwHYh6LxfKp+YSgDmDVorZOm7+M8n1OkeQEWs=
github.com/olivere/elastic v6.2.17+incompatible/go.mod h1:J+q1zQJTgAz9woqsbVRqGeB5G1iqDKVBWLNSYW8yfJ8=
github.com/pkg/errors v0.8.1 h1:iURUrRGxPUNPdy5/HRSm+Yj6okJ6UtLINN0Q9M4+h3I=
github.com/pkg/errors v0.8.1/go.mod h1:bwawxfHBFNV+L2hUp1rHADufV3IMtnDRdf1r5NINEl0=
github.com/sha1sum/aws_signing_client v0.0.0-20170514202702-9088e4c7b34b h1:WdIIYKhAP6TUEJmCubGJAEjmW65Sxhaoi/FhZ09Ax7o=
github.com/sha1sum/aws_signing_client v0.0.0-20170514202702-9088e4c7b34b/go.mod h1:hPj3jKAamv0ryZvssbqkCeOWYFmy9itWMSOD7tDsE3E=
